
Microsoft Visual Studio Solution File, Format Version 12.00
# Visual Studio Version 17
VisualStudioVersion = 17.3.32804.467
MinimumVisualStudioVersion = 10.0.40219.1
Project("{9A19103F-16F7-4668-BE54-9A1E7A4F7556}") = "Circulo", "Circulo.csproj", "{4C2B276B-C5AA-4928-83C9-4222D5CC13A1}"
EndProject
Project("{9A19103F-16F7-4668-BE54-9A1E7A4F7556}") = "EjercicioPersona", "..\EjercicioPersona\EjercicioPersona.csproj", "{D292B4D8-5402-48EF-817A-98516BADE374}"
EndProject
Project("{FAE04EC0-301F-11D3-BF4B-00C04F79EFBC}") = "shape", "..\shape\shape.csproj", "{97CD2654-9ED4-4B91-9AC9-4935AAA54B7C}"
EndProject
Global
	GlobalSection(SolutionConfigurationPlatforms) = preSolution
		Debug|Any CPU = Debug|Any CPU
		Release|Any CPU = Release|Any CPU
	EndGlobalSection
	GlobalSection(ProjectConfigurationPlatforms) = postSolution
		{4C2B276B-C5AA-4928-83C9-4222D5CC13A1}.Debug|Any CPU.ActiveCfg = Debug|Any CPU
		{4C2B276B-C5AA-4928-83C9-4222D5CC13A1}.Debug|Any CPU.Build.0 = Debug|Any CPU
		{4C2B276B-C5AA-4928-83C9-4222D5CC13A1}.Release|Any CPU.ActiveCfg = Release|Any CPU
		{4C2B276B-C5AA-4928-83C9-4222D5CC13A1}.Release|Any CPU.Build.0 = Release|Any CPU
		{D292B4D8-5402-48EF-817A-98516BADE374}.Debug|Any CPU.ActiveCfg = Debug|Any CPU
		{D292B4D8-5402-48EF-817A-98516BADE374}.Debug|Any CPU.Build.0 = Debug|Any CPU
		{D292B4D8-5402-48EF-817A-98516BADE374}.Release|Any CPU.ActiveCfg = Release|Any CPU
		{D292B4D8-5402-48EF-817A-98516BADE374}.Release|Any CPU.Build.0 = Release|Any CPU
		{97CD2654-9ED4-4B91-9AC9-4935AAA54B7C}.Debug|Any CPU.ActiveCfg = Debug|Any CPU
		{97CD2654-9ED4-4B91-9AC9-4935AAA54B7C}.Debug|Any CPU.Build.0 = Debug|Any CPU
		{97CD2654-9ED4-4B91-9AC9-4935AAA54B7C}.Release|Any CPU.ActiveCfg = Release|Any CPU
		{97CD2654-9ED4-4B91-9AC9-4935AAA54B7C}.Release|Any CPU.Build.0 = Release|Any CPU
	EndGlobalSection
	GlobalSection(SolutionProperties) = preSolution
		HideSolutionNode = FALSE
	EndGlobalSection
	GlobalSection(ExtensibilityGlobals) = postSolution
		SolutionGuid = {F166B24D-AECA-4897-9A1D-277ABF561828}
	EndGlobalSection
EndGlobal
